
Microsoft Visual Studio Solution File, Format Version 12.00
# Visual Studio Version 17
VisualStudioVersion = 17.9.34723.18
MinimumVisualStudioVersion = 10.0.40219.1
Project("{9A19103F-16F7-4668-BE54-9A1E7A4F7556}") = "Railway Passenger Transportation", "Railway Passenger Transportation\Railway Passenger Transportation.csproj", "{96A37267-AA02-4058-9932-BE9B1EC75FBC}"
EndProject
Global
	GlobalSection(SolutionConfigurationPlatforms) = preSolution
		Debug|Any CPU = Debug|Any CPU
		Release|Any CPU = Release|Any CPU
	EndGlobalSection
	GlobalSection(ProjectConfigurationPlatforms) = postSolution
		{96A37267-AA02-4058-9932-BE9B1EC75FBC}.Debug|Any CPU.ActiveCfg = Debug|Any CPU
		{96A37267-AA02-4058-9932-BE9B1EC75FBC}.Debug|Any CPU.Build.0 = Debug|Any CPU
		{96A37267-AA02-4058-9932-BE9B1EC75FBC}.Release|Any CPU.ActiveCfg = Release|Any CPU
		{96A37267-AA02-4058-9932-BE9B1EC75FBC}.Release|Any CPU.Build.0 = Release|Any CPU
	EndGlobalSection
	GlobalSection(SolutionProperties) = preSolution
		HideSolutionNode = FALSE
	EndGlobalSection
	GlobalSection(ExtensibilityGlobals) = postSolution
		SolutionGuid = {B72C3F9F-36A1-4894-ABF2-88E1C3420489}
	EndGlobalSection
EndGlobal
